
Microsoft Visual Studio Solution File, Format Version 12.00
# Visual Studio Version 16
VisualStudioVersion = 16.0.29020.237
MinimumVisualStudioVersion = 10.0.40219.1
Project("{FAE04EC0-301F-11D3-BF4B-00C04F79EFBC}") = "BordaGame", "BordaGame\BordaGame.csproj", "{A0569DAE-A8AC-4477-93EB-2B81CB57A979}"
EndProject
Global
	GlobalSection(SolutionConfigurationPlatforms) = preSolution
		Debug|Any CPU = Debug|Any CPU
		Release|Any CPU = Release|Any CPU
	EndGlobalSection
	GlobalSection(ProjectConfigurationPlatforms) = postSolution
		{A0569DAE-A8AC-4477-93EB-2B81CB57A979}.Debug|Any CPU.ActiveCfg = Debug|Any CPU
		{A0569DAE-A8AC-4477-93EB-2B81CB57A979}.Debug|Any CPU.Build.0 = Debug|Any CPU
		{A0569DAE-A8AC-4477-93EB-2B81CB57A979}.Release|Any CPU.ActiveCfg = Release|Any CPU
		{A0569DAE-A8AC-4477-93EB-2B81CB57A979}.Release|Any CPU.Build.0 = Release|Any CPU
	EndGlobalSection
	GlobalSection(SolutionProperties) = preSolution
		HideSolutionNode = FALSE
	EndGlobalSection
	GlobalSection(ExtensibilityGlobals) = postSolution
		SolutionGuid = {4C619050-505A-4150-BEB9-697BD3B05BB9}
	EndGlobalSection
EndGlobal
